{
  "version": 4,
  "terraform_version": "1.12.1",
  "serial": 28,
  "lineage": "4017f71d-7364-0d16-a49b-51379a41721c",
  "outputs": {},
  "resources": [
    {
      "mode": "data",
      "type": "azurerm_client_config",
      "name": "current",
      "provider": "provider[\"registry.terraform.io/hashicorp/azurerm\"]",
      "instances": [
        {
          "schema_version": 0,
          "attributes": {
            "client_id": "04b07795-8ddb-461a-bbee-02f9e1bf7b46",
            "id": "Y2xpZW50Q29uZmlncy9jbGllbnRJZD0wNGIwNzc5NS04ZGRiLTQ2MWEtYmJlZS0wMmY5ZTFiZjdiNDY7b2JqZWN0SWQ9NjU3MDg3ODktMTdhMi00MzEyLWFmZDktMmFkMjFmNmVhMjliO3N1YnNjcmlwdGlvbklkPWM5NjFhMGU2LWEyZjUtNGRhNC05MDJlLTkxOGUyNjgyOWExMDt0ZW5hbnRJZD1kNjllZTRkYS04YzZlLTQwMTItOTgyNS02ZDBkMzI0NTQ1YTk=",
            "object_id": "65708789-17a2-4312-afd9-2ad21f6ea29b",
            "subscription_id": "c961a0e6-a2f5-4da4-902e-918e26829a10",
            "tenant_id": "d69ee4da-8c6e-4012-9825-6d0d324545a9",
            "timeouts": null
          },
          "sensitive_attributes": [],
          "identity_schema_version": 0
        }
      ]
    },
    {
      "mode": "managed",
      "type": "azurerm_container_app_environment",
      "name": "env",
      "provider": "provider[\"registry.terraform.io/hashicorp/azurerm\"]",
      "instances": [
        {
          "schema_version": 0,
          "attributes": {
            "custom_domain_verification_id": "297F4A23AB38726420586FAE2345F14176B35F8F16ACAEF5260DDA63F5F5746F",
            "dapr_application_insights_connection_string": "",
            "default_domain": "wonderfulforest-66a39ab8.uksouth.azurecontainerapps.io",
            "docker_bridge_cidr": "",
            "id": "/subscriptions/c961a0e6-a2f5-4da4-902e-918e26829a10/resourceGroups/demoapp-rg/providers/Microsoft.App/managedEnvironments/demoapp-env",
            "infrastructure_resource_group_name": "",
            "infrastructure_subnet_id": "",
            "internal_load_balancer_enabled": false,
            "location": "uksouth",
            "log_analytics_workspace_id": "/subscriptions/c961a0e6-a2f5-4da4-902e-918e26829a10/resourceGroups/demoapp-rg/providers/Microsoft.OperationalInsights/workspaces/demoapp-log",
            "mutual_tls_enabled": false,
            "name": "demoapp-env",
            "platform_reserved_cidr": "",
            "platform_reserved_dns_ip_address": "",
            "resource_group_name": "demoapp-rg",
            "static_ip_address": "131.145.73.50",
            "tags": {},
            "timeouts": null,
            "workload_profile": [],
            "zone_redundancy_enabled": false
          },
          "sensitive_attributes": [
            [
              {
                "type": "get_attr",
                "value": "dapr_application_insights_connection_string"
              }
            ]
          ],
          "identity_schema_version": 0,
          "private": "eyJlMmJmYjczMC1lY2FhLTExZTYtOGY4OC0zNDM2M2JjN2M0YzAiOnsiY3JlYXRlIjoxODAwMDAwMDAwMDAwLCJkZWxldGUiOjE4MDAwMDAwMDAwMDAsInJlYWQiOjMwMDAwMDAwMDAwMCwidXBkYXRlIjoxODAwMDAwMDAwMDAwfX0=",
          "dependencies": [
            "azurerm_log_analytics_workspace.log",
            "azurerm_resource_group.rg"
          ]
        }
      ]
    },
    {
      "mode": "managed",
      "type": "azurerm_container_registry",
      "name": "acr",
      "provider": "provider[\"registry.terraform.io/hashicorp/azurerm\"]",
      "instances": [
        {
          "schema_version": 2,
          "attributes": {
            "admin_enabled": true,
            "admin_password": "5l/ICvCFd2cKo+awnq7plQaCShG/ldFhPA6U10OJac+ACRCXJvoC",
            "admin_username": "demoappacrbvyd",
            "anonymous_pull_enabled": false,
            "data_endpoint_enabled": false,
            "encryption": [
              {
                "enabled": false,
                "identity_client_id": "",
                "key_vault_key_id": ""
              }
            ],
            "export_policy_enabled": true,
            "georeplications": [],
            "id": "/subscriptions/c961a0e6-a2f5-4da4-902e-918e26829a10/resourceGroups/demoapp-rg/providers/Microsoft.ContainerRegistry/registries/demoappacrbvyd",
            "identity": [],
            "location": "uksouth",
            "login_server": "demoappacrbvyd.azurecr.io",
            "name": "demoappacrbvyd",
            "network_rule_bypass_option": "AzureServices",
            "network_rule_set": [],
            "public_network_access_enabled": true,
            "quarantine_policy_enabled": false,
            "resource_group_name": "demoapp-rg",
            "retention_policy": [
              {
                "days": 7,
                "enabled": false
              }
            ],
            "sku": "Basic",
            "tags": null,
            "timeouts": null,
            "trust_policy": [
              {
                "enabled": false
              }
            ],
            "zone_redundancy_enabled": false
          },
          "sensitive_attributes": [
            [
              {
                "type": "get_attr",
                "value": "admin_password"
              }
            ]
          ],
          "identity_schema_version": 0,
          "private": "eyJlMmJmYjczMC1lY2FhLTExZTYtOGY4OC0zNDM2M2JjN2M0YzAiOnsiY3JlYXRlIjoxODAwMDAwMDAwMDAwLCJkZWxldGUiOjE4MDAwMDAwMDAwMDAsInJlYWQiOjMwMDAwMDAwMDAwMCwidXBkYXRlIjoxODAwMDAwMDAwMDAwfSwic2NoZW1hX3ZlcnNpb24iOiIyIn0=",
          "dependencies": [
            "azurerm_resource_group.rg",
            "random_string.suffix"
          ]
        }
      ]
    },
    {
      "mode": "managed",
      "type": "azurerm_cosmosdb_account",
      "name": "cosmos",
      "provider": "provider[\"registry.terraform.io/hashicorp/azurerm\"]",
      "instances": [
        {
          "schema_version": 0,
          "attributes": {
            "access_key_metadata_writes_enabled": true,
            "analytical_storage": [
              {
                "schema_type": "WellDefined"
              }
            ],
            "analytical_storage_enabled": false,
            "automatic_failover_enabled": false,
            "backup": [
              {
                "interval_in_minutes": 240,
                "retention_in_hours": 8,
                "storage_redundancy": "Geo",
                "tier": "",
                "type": "Periodic"
              }
            ],
            "burst_capacity_enabled": false,
            "capabilities": [],
            "capacity": [],
            "connection_strings": [
              "AccountEndpoint=https://demoapp-cosmos.documents.azure.com:443/;AccountKey=x4r1hnf1ECOqbH9bXCoACXPtSShAKTKne8eYBszD7F97BsCXu1XbNMpYr8VQGOn3EDICzWyf4OKuACDbI1koog==;",
              "AccountEndpoint=https://demoapp-cosmos.documents.azure.com:443/;AccountKey=VEHTwAsyXqSKaEovSLLyjmBTgUxd5nuj1BNfmpIx8h9f8sJjFpzHT2MvKvzHPa3kkV0CLqVtRTMKACDbMGgNbA==;",
              "AccountEndpoint=https://demoapp-cosmos.documents.azure.com:443/;AccountKey=F6bHz50LtUmvcSZ6hTFEG7GffGprpfVf4lpmVtrbmGDiadaEmWvUXkRBV8DIRw3ge6p56OhgAARxACDb6jrCtQ==;",
              "AccountEndpoint=https://demoapp-cosmos.documents.azure.com:443/;AccountKey=JneK00QxfL2HhVxgI9wkLuFG7ybxYpETc2EZiOOMVF2O2hTiXySKNYnnFbTUuczlRSf0s0WoiilAACDbFLAwPA==;"
            ],
            "consistency_policy": [
              {
                "consistency_level": "Session",
                "max_interval_in_seconds": 5,
                "max_staleness_prefix": 100
              }
            ],
            "cors_rule": [],
            "create_mode": "",
            "default_identity_type": "FirstPartyIdentity",
            "enable_automatic_failover": false,
            "enable_free_tier": false,
            "enable_multiple_write_locations": false,
            "endpoint": "https://demoapp-cosmos.documents.azure.com:443/",
            "free_tier_enabled": false,
            "geo_location": [
              {
                "failover_priority": 0,
                "id": "demoapp-cosmos-uksouth",
                "location": "uksouth",
                "zone_redundant": false
              }
            ],
            "id": "/subscriptions/c961a0e6-a2f5-4da4-902e-918e26829a10/resourceGroups/demoapp-rg/providers/Microsoft.DocumentDB/databaseAccounts/demoapp-cosmos",
            "identity": [],
            "ip_range_filter": "",
            "is_virtual_network_filter_enabled": false,
            "key_vault_key_id": null,
            "kind": "GlobalDocumentDB",
            "local_authentication_disabled": false,
            "location": "uksouth",
            "minimal_tls_version": "Tls12",
            "mongo_server_version": null,
            "multiple_write_locations_enabled": false,
            "name": "demoapp-cosmos",
            "network_acl_bypass_for_azure_services": false,
            "network_acl_bypass_ids": [],
            "offer_type": "Standard",
            "partition_merge_enabled": false,
            "primary_key": "x4r1hnf1ECOqbH9bXCoACXPtSShAKTKne8eYBszD7F97BsCXu1XbNMpYr8VQGOn3EDICzWyf4OKuACDbI1koog==",
            "primary_mongodb_connection_string": null,
            "primary_readonly_key": "F6bHz50LtUmvcSZ6hTFEG7GffGprpfVf4lpmVtrbmGDiadaEmWvUXkRBV8DIRw3ge6p56OhgAARxACDb6jrCtQ==",
            "primary_readonly_mongodb_connection_string": null,
            "primary_readonly_sql_connection_string": "AccountEndpoint=https://demoapp-cosmos.documents.azure.com:443/;AccountKey=F6bHz50LtUmvcSZ6hTFEG7GffGprpfVf4lpmVtrbmGDiadaEmWvUXkRBV8DIRw3ge6p56OhgAARxACDb6jrCtQ==;",
            "primary_sql_connection_string": "AccountEndpoint=https://demoapp-cosmos.documents.azure.com:443/;AccountKey=x4r1hnf1ECOqbH9bXCoACXPtSShAKTKne8eYBszD7F97BsCXu1XbNMpYr8VQGOn3EDICzWyf4OKuACDbI1koog==;",
            "public_network_access_enabled": true,
            "read_endpoints": [
              "https://demoapp-cosmos-uksouth.documents.azure.com:443/"
            ],
            "resource_group_name": "demoapp-rg",
            "restore": [],
            "secondary_key": "VEHTwAsyXqSKaEovSLLyjmBTgUxd5nuj1BNfmpIx8h9f8sJjFpzHT2MvKvzHPa3kkV0CLqVtRTMKACDbMGgNbA==",
            "secondary_mongodb_connection_string": null,
            "secondary_readonly_key": "JneK00QxfL2HhVxgI9wkLuFG7ybxYpETc2EZiOOMVF2O2hTiXySKNYnnFbTUuczlRSf0s0WoiilAACDbFLAwPA==",
            "secondary_readonly_mongodb_connection_string": null,
            "secondary_readonly_sql_connection_string": "AccountEndpoint=https://demoapp-cosmos.documents.azure.com:443/;AccountKey=JneK00QxfL2HhVxgI9wkLuFG7ybxYpETc2EZiOOMVF2O2hTiXySKNYnnFbTUuczlRSf0s0WoiilAACDbFLAwPA==;",
            "secondary_sql_connection_string": "AccountEndpoint=https://demoapp-cosmos.documents.azure.com:443/;AccountKey=VEHTwAsyXqSKaEovSLLyjmBTgUxd5nuj1BNfmpIx8h9f8sJjFpzHT2MvKvzHPa3kkV0CLqVtRTMKACDbMGgNbA==;",
            "tags": {},
            "timeouts": null,
            "virtual_network_rule": [],
            "write_endpoints": [
              "https://demoapp-cosmos-uksouth.documents.azure.com:443/"
            ]
          },
          "sensitive_attributes": [
            [
              {
                "type": "get_attr",
                "value": "connection_strings"
              }
            ],
            [
              {
                "type": "get_attr",
                "value": "primary_key"
              }
            ],
            [
              {
                "type": "get_attr",
                "value": "primary_mongodb_connection_string"
              }
            ],
            [
              {
                "type": "get_attr",
                "value": "primary_readonly_key"
              }
            ],
            [
              {
                "type": "get_attr",
                "value": "primary_readonly_mongodb_connection_string"
              }
            ],
            [
              {
                "type": "get_attr",
                "value": "primary_readonly_sql_connection_string"
              }
            ],
            [
              {
                "type": "get_attr",
                "value": "primary_sql_connection_string"
              }
            ],
            [
              {
                "type": "get_attr",
                "value": "secondary_key"
              }
            ],
            [
              {
                "type": "get_attr",
                "value": "secondary_mongodb_connection_string"
              }
            ],
            [
              {
                "type": "get_attr",
                "value": "secondary_readonly_key"
              }
            ],
            [
              {
                "type": "get_attr",
                "value": "secondary_readonly_mongodb_connection_string"
              }
            ],
            [
              {
                "type": "get_attr",
                "value": "secondary_readonly_sql_connection_string"
              }
            ],
            [
              {
                "type": "get_attr",
                "value": "secondary_sql_connection_string"
              }
            ]
          ],
          "identity_schema_version": 0,
          "private": "eyJlMmJmYjczMC1lY2FhLTExZTYtOGY4OC0zNDM2M2JjN2M0YzAiOnsiY3JlYXRlIjoxMDgwMDAwMDAwMDAwMCwiZGVsZXRlIjoxMDgwMDAwMDAwMDAwMCwicmVhZCI6MzAwMDAwMDAwMDAwLCJ1cGRhdGUiOjEwODAwMDAwMDAwMDAwfX0=",
          "dependencies": [
            "azurerm_resource_group.rg"
          ]
        }
      ]
    },
    {
      "mode": "managed",
      "type": "azurerm_log_analytics_workspace",
      "name": "log",
      "provider": "provider[\"registry.terraform.io/hashicorp/azurerm\"]",
      "instances": [
        {
          "schema_version": 3,
          "attributes": {
            "allow_resource_only_permissions": true,
            "cmk_for_query_forced": false,
            "daily_quota_gb": -1,
            "data_collection_rule_id": "",
            "id": "/subscriptions/c961a0e6-a2f5-4da4-902e-918e26829a10/resourceGroups/demoapp-rg/providers/Microsoft.OperationalInsights/workspaces/demoapp-log",
            "identity": [],
            "immediate_data_purge_on_30_days_enabled": false,
            "internet_ingestion_enabled": true,
            "internet_query_enabled": true,
            "local_authentication_disabled": false,
            "location": "uksouth",
            "name": "demoapp-log",
            "primary_shared_key": "ga0RBcY5Trl5EkM87a1Xk+AoagdYSdDLH56I3e/v1K9JzX/UCP2xY6eUHfWA2IMfxLSC7Vy5oUJ6UK2eIEefWA==",
            "reservation_capacity_in_gb_per_day": null,
            "resource_group_name": "demoapp-rg",
            "retention_in_days": 30,
            "secondary_shared_key": "jCRUaS8R4OQTlx/l2HKSfNQKJVMxiANQ3D0ws7hXvPu3+0HuwDJEUDqz8/85Y2Ut1m1huzZt0L7JDGmW6iI8ZQ==",
            "sku": "PerGB2018",
            "tags": {},
            "timeouts": null,
            "workspace_id": "9b449275-ff47-4d42-b9ee-6cab09d079f9"
          },
          "sensitive_attributes": [
            [
              {
                "type": "get_attr",
                "value": "primary_shared_key"
              }
            ],
            [
              {
                "type": "get_attr",
                "value": "secondary_shared_key"
              }
            ]
          ],
          "identity_schema_version": 0,
          "private": "eyJlMmJmYjczMC1lY2FhLTExZTYtOGY4OC0zNDM2M2JjN2M0YzAiOnsiY3JlYXRlIjoxODAwMDAwMDAwMDAwLCJkZWxldGUiOjE4MDAwMDAwMDAwMDAsInJlYWQiOjMwMDAwMDAwMDAwMCwidXBkYXRlIjoxODAwMDAwMDAwMDAwfSwic2NoZW1hX3ZlcnNpb24iOiIzIn0=",
          "dependencies": [
            "azurerm_resource_group.rg"
          ]
        }
      ]
    },
    {
      "mode": "managed",
      "type": "azurerm_resource_group",
      "name": "rg",
      "provider": "provider[\"registry.terraform.io/hashicorp/azurerm\"]",
      "instances": [
        {
          "schema_version": 0,
          "attributes": {
            "id": "/subscriptions/c961a0e6-a2f5-4da4-902e-918e26829a10/resourceGroups/demoapp-rg",
            "location": "uksouth",
            "managed_by": "",
            "name": "demoapp-rg",
            "tags": {},
            "timeouts": null
          },
          "sensitive_attributes": [],
          "identity_schema_version": 0,
          "private": "eyJlMmJmYjczMC1lY2FhLTExZTYtOGY4OC0zNDM2M2JjN2M0YzAiOnsiY3JlYXRlIjo1NDAwMDAwMDAwMDAwLCJkZWxldGUiOjU0MDAwMDAwMDAwMDAsInJlYWQiOjMwMDAwMDAwMDAwMCwidXBkYXRlIjo1NDAwMDAwMDAwMDAwfX0="
        }
      ]
    },
    {
      "mode": "managed",
      "type": "random_id",
      "name": "unique",
      "provider": "provider[\"registry.terraform.io/hashicorp/random\"]",
      "instances": [
        {
          "schema_version": 0,
          "attributes": {
            "b64_std": "MKWwEQ==",
            "b64_url": "MKWwEQ",
            "byte_length": 4,
            "dec": "816164881",
            "hex": "30a5b011",
            "id": "MKWwEQ",
            "keepers": null,
            "prefix": null
          },
          "sensitive_attributes": [],
          "identity_schema_version": 0
        }
      ]
    },
    {
      "mode": "managed",
      "type": "random_string",
      "name": "suffix",
      "provider": "provider[\"registry.terraform.io/hashicorp/random\"]",
      "instances": [
        {
          "schema_version": 2,
          "attributes": {
            "id": "bvyd",
            "keepers": null,
            "length": 4,
            "lower": true,
            "min_lower": 0,
            "min_numeric": 0,
            "min_special": 0,
            "min_upper": 0,
            "number": true,
            "numeric": true,
            "override_special": null,
            "result": "bvyd",
            "special": false,
            "upper": false
          },
          "sensitive_attributes": [],
          "identity_schema_version": 0
        }
      ]
    }
  ],
  "check_results": null
}
